// !$*UTF8*$!
{
	archiveVersion = 1;
	classes = {
	};
	objectVersion = 50;
	objects = {

/* Begin PBXBuildFile section */
		3B165A422303F49B00713184 /* BluetoothManager.swift in Sources */ = {isa = PBXBuildFile; fileRef = 3B165A412303F49B00713184 /* BluetoothManager.swift */; };
		3B1EFFE6230293B2006601A2 /* ScanTableViewController.swift in Sources */ = {isa = PBXBuildFile; fileRef = 3B1EFFE5230293B2006601A2 /* ScanTableViewController.swift */; };
		3B1EFFEA230299A8006601A2 /* CentralData.swift in Sources */ = {isa = PBXBuildFile; fileRef = 3B1EFFE9230299A8006601A2 /* CentralData.swift */; };
		3B3243F323027A5A00F29B49 /* BeaconTableViewController.swift in Sources */ = {isa = PBXBuildFile; fileRef = 3B3243F223027A5A00F29B49 /* BeaconTableViewController.swift */; };
		3B4FF14D23025F1C00AE6919 /* AppDelegate.swift in Sources */ = {isa = PBXBuildFile; fileRef = 3B4FF14C23025F1C00AE6919 /* AppDelegate.swift */; };
		3B4FF14F23025F1C00AE6919 /* HomeViewController.swift in Sources */ = {isa = PBXBuildFile; fileRef = 3B4FF14E23025F1C00AE6919 /* HomeViewController.swift */; };
		3B4FF15223025F1C00AE6919 /* Main.storyboard in Resources */ = {isa = PBXBuildFile; fileRef = 3B4FF15023025F1C00AE6919 /* Main.storyboard */; };
		3B4FF15423025F1D00AE6919 /* Assets.xcassets in Resources */ = {isa = PBXBuildFile; fileRef = 3B4FF15323025F1D00AE6919 /* Assets.xcassets */; };
		3B4FF15723025F1D00AE6919 /* LaunchScreen.storyboard in Resources */ = {isa = PBXBuildFile; fileRef = 3B4FF15523025F1D00AE6919 /* LaunchScreen.storyboard */; };
		3B4FF16223025F1D00AE6919 /* iBeacon_DemoTests.swift in Sources */ = {isa = PBXBuildFile; fileRef = 3B4FF16123025F1D00AE6919 /* iBeacon_DemoTests.swift */; };
		3B4FF16D23025F1D00AE6919 /* iBeacon_DemoUITests.swift in Sources */ = {isa = PBXBuildFile; fileRef = 3B4FF16C23025F1D00AE6919 /* iBeacon_DemoUITests.swift */; };
/* End PBXBuildFile section */

/* Begin PBXContainerItemProxy section */
		3B4FF15E23025F1D00AE6919 /* PBXContainerItemProxy */ = {
			isa = PBXContainerItemProxy;
			containerPortal = 3B4FF14123025F1C00AE6919 /* Project object */;
			proxyType = 1;
			remoteGlobalIDString = 3B4FF14823025F1C00AE6919;
			remoteInfo = "iBeacon-Demo";
		};
		3B4FF16923025F1D00AE6919 /* PBXContainerItemProxy */ = {
			isa = PBXContainerItemProxy;
			containerPortal = 3B4FF14123025F1C00AE6919 /* Project object */;
			proxyType = 1;
			remoteGlobalIDString = 3B4FF14823025F1C00AE6919;
			remoteInfo = "iBeacon-Demo";
		};
/* End PBXContainerItemProxy section */

/* Begin PBXFileReference section */
		3B165A412303F49B00713184 /* BluetoothManager.swift */ = {isa = PBXFileReference; lastKnownFileType = sourcecode.swift; path = BluetoothManager.swift; sourceTree = "<group>"; };
		3B1EFFE5230293B2006601A2 /* ScanTableViewController.swift */ = {isa = PBXFileReference; lastKnownFileType = sourcecode.swift; path = ScanTableViewController.swift; sourceTree = "<group>"; };
		3B1EFFE9230299A8006601A2 /* CentralData.swift */ = {isa = PBXFileReference; lastKnownFileType = sourcecode.swift; path = CentralData.swift; sourceTree = "<group>"; };
		3B3243F223027A5A00F29B49 /* BeaconTableViewController.swift */ = {isa = PBXFileReference; lastKnownFileType = sourcecode.swift; path = BeaconTableViewController.swift; sourceTree = "<group>"; };
		3B4FF14923025F1C00AE6919 /* iBeacon-Demo.app */ = {isa = PBXFileReference; explicitFileType = wrapper.application; includeInIndex = 0; path = "iBeacon-Demo.app"; sourceTree = BUILT_PRODUCTS_DIR; };
		3B4FF14C23025F1C00AE6919 /* AppDelegate.swift */ = {isa = PBXFileReference; lastKnownFileType = sourcecode.swift; path = AppDelegate.swift; sourceTree = "<group>"; };
		3B4FF14E23025F1C00AE6919 /* HomeViewController.swift */ = {isa = PBXFileReference; lastKnownFileType = sourcecode.swift; path = HomeViewController.swift; sourceTree = "<group>"; };
		3B4FF15123025F1C00AE6919 /* Base */ = {isa = PBXFileReference; lastKnownFileType = file.storyboard; name = Base; path = Base.lproj/Main.storyboard; sourceTree = "<group>"; };
		3B4FF15323025F1D00AE6919 /* Assets.xcassets */ = {isa = PBXFileReference; lastKnownFileType = folder.assetcatalog; path = Assets.xcassets; sourceTree = "<group>"; };
		3B4FF15623025F1D00AE6919 /* Base */ = {isa = PBXFileReference; lastKnownFileType = file.storyboard; name = Base; path = Base.lproj/LaunchScreen.storyboard; sourceTree = "<group>"; };
		3B4FF15823025F1D00AE6919 /* Info.plist */ = {isa = PBXFileReference; lastKnownFileType = text.plist.xml; path = Info.plist; sourceTree = "<group>"; };
		3B4FF15D23025F1D00AE6919 /* iBeacon-DemoTests.xctest */ = {isa = PBXFileReference; explicitFileType = wrapper.cfbundle; includeInIndex = 0; path = "iBeacon-DemoTests.xctest"; sourceTree = BUILT_PRODUCTS_DIR; };
		3B4FF16123025F1D00AE6919 /* iBeacon_DemoTests.swift */ = {isa = PBXFileReference; lastKnownFileType = sourcecode.swift; path = iBeacon_DemoTests.swift; sourceTree = "<group>"; };
		3B4FF16323025F1D00AE6919 /* Info.plist */ = {isa = PBXFileReference; lastKnownFileType = text.plist.xml; path = Info.plist; sourceTree = "<group>"; };
		3B4FF16823025F1D00AE6919 /* iBeacon-DemoUITests.xctest */ = {isa = PBXFileReference; explicitFileType = wrapper.cfbundle; includeInIndex = 0; path = "iBeacon-DemoUITests.xctest"; sourceTree = BUILT_PRODUCTS_DIR; };
		3B4FF16C23025F1D00AE6919 /* iBeacon_DemoUITests.swift */ = {isa = PBXFileReference; lastKnownFileType = sourcecode.swift; path = iBeacon_DemoUITests.swift; sourceTree = "<group>"; };
		3B4FF16E23025F1D00AE6919 /* Info.plist */ = {isa = PBXFileReference; lastKnownFileType = text.plist.xml; path = Info.plist; sourceTree = "<group>"; };
/* End PBXFileReference section */

/* Begin PBXFrameworksBuildPhase section */
		3B4FF14623025F1C00AE6919 /* Frameworks */ = {
			isa = PBXFrameworksBuildPhase;
			buildActionMask = 2147483647;
			files = (
			);
			runOnlyForDeploymentPostprocessing = 0;
		};
		3B4FF15A23025F1D00AE6919 /* Frameworks */ = {
			isa = PBXFrameworksBuildPhase;
			buildActionMask = 2147483647;
			files = (
			);
			runOnlyForDeploymentPostprocessing = 0;
		};
		3B4FF16523025F1D00AE6919 /* Frameworks */ = {
			isa = PBXFrameworksBuildPhase;
			buildActionMask = 2147483647;
			files = (
			);
			runOnlyForDeploymentPostprocessing = 0;
		};
/* End PBXFrameworksBuildPhase section */

/* Begin PBXGroup section */
		3B4FF14023025F1C00AE6919 = {
			isa = PBXGroup;
			children = (
				3B4FF14B23025F1C00AE6919 /* iBeacon-Demo */,
				3B4FF16023025F1D00AE6919 /* iBeacon-DemoTests */,
				3B4FF16B23025F1D00AE6919 /* iBeacon-DemoUITests */,
				3B4FF14A23025F1C00AE6919 /* Products */,
			);
			sourceTree = "<group>";
		};
		3B4FF14A23025F1C00AE6919 /* Products */ = {
			isa = PBXGroup;
			children = (
				3B4FF14923025F1C00AE6919 /* iBeacon-Demo.app */,
				3B4FF15D23025F1D00AE6919 /* iBeacon-DemoTests.xctest */,
				3B4FF16823025F1D00AE6919 /* iBeacon-DemoUITests.xctest */,
			);
			name = Products;
			sourceTree = "<group>";
		};
		3B4FF14B23025F1C00AE6919 /* iBeacon-Demo */ = {
			isa = PBXGroup;
			children = (
				3B4FF14C23025F1C00AE6919 /* AppDelegate.swift */,
				3B4FF15323025F1D00AE6919 /* Assets.xcassets */,
				3B3243F223027A5A00F29B49 /* BeaconTableViewController.swift */,
				3B165A412303F49B00713184 /* BluetoothManager.swift */,
				3B1EFFE9230299A8006601A2 /* CentralData.swift */,
				3B4FF14E23025F1C00AE6919 /* HomeViewController.swift */,
				3B4FF15823025F1D00AE6919 /* Info.plist */,
				3B4FF15523025F1D00AE6919 /* LaunchScreen.storyboard */,
				3B4FF15023025F1C00AE6919 /* Main.storyboard */,
				3B1EFFE5230293B2006601A2 /* ScanTableViewController.swift */,
			);
			path = "iBeacon-Demo";
			sourceTree = "<group>";
		};
		3B4FF16023025F1D00AE6919 /* iBeacon-DemoTests */ = {
			isa = PBXGroup;
			children = (
				3B4FF16123025F1D00AE6919 /* iBeacon_DemoTests.swift */,
				3B4FF16323025F1D00AE6919 /* Info.plist */,
			);
			path = "iBeacon-DemoTests";
			sourceTree = "<group>";
		};
		3B4FF16B23025F1D00AE6919 /* iBeacon-DemoUITests */ = {
			isa = PBXGroup;
			children = (
				3B4FF16C23025F1D00AE6919 /* iBeacon_DemoUITests.swift */,
				3B4FF16E23025F1D00AE6919 /* Info.plist */,
			);
			path = "iBeacon-DemoUITests";
			sourceTree = "<group>";
		};
/* End PBXGroup section */

/* Begin PBXNativeTarget section */
		3B4FF14823025F1C00AE6919 /* iBeacon-Demo */ = {
			isa = PBXNativeTarget;
			buildConfigurationList = 3B4FF17123025F1D00AE6919 /* Build configuration list for PBXNativeTarget "iBeacon-Demo" */;
			buildPhases = (
				3B4FF14523025F1C00AE6919 /* Sources */,
				3B4FF14623025F1C00AE6919 /* Frameworks */,
				3B4FF14723025F1C00AE6919 /* Resources */,
			);
			buildRules = (
			);
			dependencies = (
			);
			name = "iBeacon-Demo";
			productName = "iBeacon-Demo";
			productReference = 3B4FF14923025F1C00AE6919 /* iBeacon-Demo.app */;
			productType = "com.apple.product-type.application";
		};
		3B4FF15C23025F1D00AE6919 /* iBeacon-DemoTests */ = {
			isa = PBXNativeTarget;
			buildConfigurationList = 3B4FF17423025F1D00AE6919 /* Build configuration list for PBXNativeTarget "iBeacon-DemoTests" */;
			buildPhases = (
				3B4FF15923025F1D00AE6919 /* Sources */,
				3B4FF15A23025F1D00AE6919 /* Frameworks */,
				3B4FF15B23025F1D00AE6919 /* Resources */,
			);
			buildRules = (
			);
			dependencies = (
				3B4FF15F23025F1D00AE6919 /* PBXTargetDependency */,
			);
			name = "iBeacon-DemoTests";
			productName = "iBeacon-DemoTests";
			productReference = 3B4FF15D23025F1D00AE6919 /* iBeacon-DemoTests.xctest */;
			productType = "com.apple.product-type.bundle.unit-test";
		};
		3B4FF16723025F1D00AE6919 /* iBeacon-DemoUITests */ = {
			isa = PBXNativeTarget;
			buildConfigurationList = 3B4FF17723025F1D00AE6919 /* Build configuration list for PBXNativeTarget "iBeacon-DemoUITests" */;
			buildPhases = (
				3B4FF16423025F1D00AE6919 /* Sources */,
				3B4FF16523025F1D00AE6919 /* Frameworks */,
				3B4FF16623025F1D00AE6919 /* Resources */,
			);
			buildRules = (
			);
			dependencies = (
				3B4FF16A23025F1D00AE6919 /* PBXTargetDependency */,
			);
			name = "iBeacon-DemoUITests";
			productName = "iBeacon-DemoUITests";
			productReference = 3B4FF16823025F1D00AE6919 /* iBeacon-DemoUITests.xctest */;
			productType = "com.apple.product-type.bundle.ui-testing";
		};
/* End PBXNativeTarget section */

/* Begin PBXProject section */
		3B4FF14123025F1C00AE6919 /* Project object */ = {
			isa = PBXProject;
			attributes = {
				LastSwiftUpdateCheck = 1030;
				LastUpgradeCheck = 1030;
				ORGANIZATIONNAME = "Kent Winder";
				TargetAttributes = {
					3B4FF14823025F1C00AE6919 = {
						CreatedOnToolsVersion = 10.3;
						SystemCapabilities = {
							com.apple.BackgroundModes = {
								enabled = 1;
							};
						};
					};
					3B4FF15C23025F1D00AE6919 = {
						CreatedOnToolsVersion = 10.3;
						TestTargetID = 3B4FF14823025F1C00AE6919;
					};
					3B4FF16723025F1D00AE6919 = {
						CreatedOnToolsVersion = 10.3;
						TestTargetID = 3B4FF14823025F1C00AE6919;
					};
				};
			};
			buildConfigurationList = 3B4FF14423025F1C00AE6919 /* Build configuration list for PBXProject "iBeacon-Demo" */;
			compatibilityVersion = "Xcode 9.3";
			developmentRegion = en;
			hasScannedForEncodings = 0;
			knownRegions = (
				en,
				Base,
			);
			mainGroup = 3B4FF14023025F1C00AE6919;
			productRefGroup = 3B4FF14A23025F1C00AE6919 /* Products */;
			projectDirPath = "";
			projectRoot = "";
			targets = (
				3B4FF14823025F1C00AE6919 /* iBeacon-Demo */,
				3B4FF15C23025F1D00AE6919 /* iBeacon-DemoTests */,
				3B4FF16723025F1D00AE6919 /* iBeacon-DemoUITests */,
			);
		};
/* End PBXProject section */

/* Begin PBXResourcesBuildPhase section */
		3B4FF14723025F1C00AE6919 /* Resources */ = {
			isa = PBXResourcesBuildPhase;
			buildActionMask = 2147483647;
			files = (
				3B4FF15723025F1D00AE6919 /* LaunchScreen.storyboard in Resources */,
				3B4FF15423025F1D00AE6919 /* Assets.xcassets in Resources */,
				3B4FF15223025F1C00AE6919 /* Main.storyboard in Resources */,
			);
			runOnlyForDeploymentPostprocessing = 0;
		};
		3B4FF15B23025F1D00AE6919 /* Resources */ = {
			isa = PBXResourcesBuildPhase;
			buildActionMask = 2147483647;
			files = (
			);
			runOnlyForDeploymentPostprocessing = 0;
		};
		3B4FF16623025F1D00AE6919 /* Resources */ = {
			isa = PBXResourcesBuildPhase;
			buildActionMask = 2147483647;
			files = (
			);
			runOnlyForDeploymentPostprocessing = 0;
		};
/* End PBXResourcesBuildPhase section */

/* Begin PBXSourcesBuildPhase section */
		3B4FF14523025F1C00AE6919 /* Sources */ = {
			isa = PBXSourcesBuildPhase;
			buildActionMask = 2147483647;
			files = (
				3B1EFFE6230293B2006601A2 /* ScanTableViewController.swift in Sources */,
				3B4FF14F23025F1C00AE6919 /* HomeViewController.swift in Sources */,
				3B1EFFEA230299A8006601A2 /* CentralData.swift in Sources */,
				3B4FF14D23025F1C00AE6919 /* AppDelegate.swift in Sources */,
				3B165A422303F49B00713184 /* BluetoothManager.swift in Sources */,
				3B3243F323027A5A00F29B49 /* BeaconTableViewController.swift in Sources */,
			);
			runOnlyForDeploymentPostprocessing = 0;
		};
		3B4FF15923025F1D00AE6919 /* Sources */ = {
			isa = PBXSourcesBuildPhase;
			buildActionMask = 2147483647;
			files = (
				3B4FF16223025F1D00AE6919 /* iBeacon_DemoTests.swift in Sources */,
			);
			runOnlyForDeploymentPostprocessing = 0;
		};
		3B4FF16423025F1D00AE6919 /* Sources */ = {
			isa = PBXSourcesBuildPhase;
			buildActionMask = 2147483647;
			files = (
				3B4FF16D23025F1D00AE6919 /* iBeacon_DemoUITests.swift in Sources */,
			);
			runOnlyForDeploymentPostprocessing = 0;
		};
/* End PBXSourcesBuildPhase section */

/* Begin PBXTargetDependency section */
		3B4FF15F23025F1D00AE6919 /* PBXTargetDependency */ = {
			isa = PBXTargetDependency;
			target = 3B4FF14823025F1C00AE6919 /* iBeacon-Demo */;
			targetProxy = 3B4FF15E23025F1D00AE6919 /* PBXContainerItemProxy */;
		};
		3B4FF16A23025F1D00AE6919 /* PBXTargetDependency */ = {
			isa = PBXTargetDependency;
			target = 3B4FF14823025F1C00AE6919 /* iBeacon-Demo */;
			targetProxy = 3B4FF16923025F1D00AE6919 /* PBXContainerItemProxy */;
		};
/* End PBXTargetDependency section */

/* Begin PBXVariantGroup section */
		3B4FF15023025F1C00AE6919 /* Main.storyboard */ = {
			isa = PBXVariantGroup;
			children = (
				3B4FF15123025F1C00AE6919 /* Base */,
			);
			name = Main.storyboard;
			sourceTree = "<group>";
		};
		3B4FF15523025F1D00AE6919 /* LaunchScreen.storyboard */ = {
			isa = PBXVariantGroup;
			children = (
				3B4FF15623025F1D00AE6919 /* Base */,
			);
			name = LaunchScreen.storyboard;
			sourceTree = "<group>";
		};
/* End PBXVariantGroup section */

/* Begin XCBuildConfiguration section */
		3B4FF16F23025F1D00AE6919 /* Debug */ = {
			isa = XCBuildConfiguration;
			buildSettings = {
				ALWAYS_SEARCH_USER_PATHS = NO;
				CLANG_ANALYZER_NONNULL = YES;
				CLANG_ANALYZER_NUMBER_OBJECT_CONVERSION = YES_AGGRESSIVE;
				CLANG_CXX_LANGUAGE_STANDARD = "gnu++14";
				CLANG_CXX_LIBRARY = "libc++";
				CLANG_ENABLE_MODULES = YES;
				CLANG_ENABLE_OBJC_ARC = YES;
				CLANG_ENABLE_OBJC_WEAK = YES;
				CLANG_WARN_BLOCK_CAPTURE_AUTORELEASING = YES;
				CLANG_WARN_BOOL_CONVERSION = YES;
				CLANG_WARN_COMMA = YES;
				CLANG_WARN_CONSTANT_CONVERSION = YES;
				CLANG_WARN_DEPRECATED_OBJC_IMPLEMENTATIONS = YES;
				CLANG_WARN_DIRECT_OBJC_ISA_USAGE = YES_ERROR;
				CLANG_WARN_DOCUMENTATION_COMMENTS = YES;
				CLANG_WARN_EMPTY_BODY = YES;
				CLANG_WARN_ENUM_CONVERSION = YES;
				CLANG_WARN_INFINITE_RECURSION = YES;
				CLANG_WARN_INT_CONVERSION = YES;
				CLANG_WARN_NON_LITERAL_NULL_CONVERSION = YES;
				CLANG_WARN_OBJC_IMPLICIT_RETAIN_SELF = YES;
				CLANG_WARN_OBJC_LITERAL_CONVERSION = YES;
				CLANG_WARN_OBJC_ROOT_CLASS = YES_ERROR;
				CLANG_WARN_RANGE_LOOP_ANALYSIS = YES;
				CLANG_WARN_STRICT_PROTOTYPES = YES;
				CLANG_WARN_SUSPICIOUS_MOVE = YES;
				CLANG_WARN_UNGUARDED_AVAILABILITY = YES_AGGRESSIVE;
				CLANG_WARN_UNREACHABLE_CODE = YES;
				CLANG_WARN__DUPLICATE_METHOD_MATCH = YES;
				CODE_SIGN_IDENTITY = "iPhone Developer";
				COPY_PHASE_STRIP = NO;
				DEBUG_INFORMATION_FORMAT = dwarf;
				ENABLE_STRICT_OBJC_MSGSEND = YES;
				ENABLE_TESTABILITY = YES;
				GCC_C_LANGUAGE_STANDARD = gnu11;
				GCC_DYNAMIC_NO_PIC = NO;
				GCC_NO_COMMON_BLOCKS = YES;
				GCC_OPTIMIZATION_LEVEL = 0;
				GCC_PREPROCESSOR_DEFINITIONS = (
					"DEBUG=1",
					"$(inherited)",
				);
				GCC_WARN_64_TO_32_BIT_CONVERSION = YES;
				GCC_WARN_ABOUT_RETURN_TYPE = YES_ERROR;
				GCC_WARN_UNDECLARED_SELECTOR = YES;
				GCC_WARN_UNINITIALIZED_AUTOS = YES_AGGRESSIVE;
				GCC_WARN_UNUSED_FUNCTION = YES;
				GCC_WARN_UNUSED_VARIABLE = YES;
				IPHONEOS_DEPLOYMENT_TARGET = 12.4;
				MTL_ENABLE_DEBUG_INFO = INCLUDE_SOURCE;
				MTL_FAST_MATH = YES;
				ONLY_ACTIVE_ARCH = YES;
				SDKROOT = iphoneos;
				SWIFT_ACTIVE_COMPILATION_CONDITIONS = DEBUG;
				SWIFT_OPTIMIZATION_LEVEL = "-Onone";
			};
			name = Debug;
		};
		3B4FF17023025F1D00AE6919 /* Release */ = {
			isa = XCBuildConfiguration;
			buildSettings = {
				ALWAYS_SEARCH_USER_PATHS = NO;
				CLANG_ANALYZER_NONNULL = YES;
				CLANG_ANALYZER_NUMBER_OBJECT_CONVERSION = YES_AGGRESSIVE;
				CLANG_CXX_LANGUAGE_STANDARD = "gnu++14";
				CLANG_CXX_LIBRARY = "libc++";
				CLANG_ENABLE_MODULES = YES;
				CLANG_ENABLE_OBJC_ARC = YES;
				CLANG_ENABLE_OBJC_WEAK = YES;
				CLANG_WARN_BLOCK_CAPTURE_AUTORELEASING = YES;
				CLANG_WARN_BOOL_CONVERSION = YES;
				CLANG_WARN_COMMA = YES;
				CLANG_WARN_CONSTANT_CONVERSION = YES;
				CLANG_WARN_DEPRECATED_OBJC_IMPLEMENTATIONS = YES;
				CLANG_WARN_DIRECT_OBJC_ISA_USAGE = YES_ERROR;
				CLANG_WARN_DOCUMENTATION_COMMENTS = YES;
				CLANG_WARN_EMPTY_BODY = YES;
				CLANG_WARN_ENUM_CONVERSION = YES;
				CLANG_WARN_INFINITE_RECURSION = YES;
				CLANG_WARN_INT_CONVERSION = YES;
				CLANG_WARN_NON_LITERAL_NULL_CONVERSION = YES;
				CLANG_WARN_OBJC_IMPLICIT_RETAIN_SELF = YES;
				CLANG_WARN_OBJC_LITERAL_CONVERSION = YES;
				CLANG_WARN_OBJC_ROOT_CLASS = YES_ERROR;
				CLANG_WARN_RANGE_LOOP_ANALYSIS = YES;
				CLANG_WARN_STRICT_PROTOTYPES = YES;
				CLANG_WARN_SUSPICIOUS_MOVE = YES;
				CLANG_WARN_UNGUARDED_AVAILABILITY = YES_AGGRESSIVE;
				CLANG_WARN_UNREACHABLE_CODE = YES;
				CLANG_WARN__DUPLICATE_METHOD_MATCH = YES;
				CODE_SIGN_IDENTITY = "iPhone Developer";
				COPY_PHASE_STRIP = NO;
				DEBUG_INFORMATION_FORMAT = "dwarf-with-dsym";
				ENABLE_NS_ASSERTIONS = NO;
				ENABLE_STRICT_OBJC_MSGSEND = YES;
				GCC_C_LANGUAGE_STANDARD = gnu11;
				GCC_NO_COMMON_BLOCKS = YES;
				GCC_WARN_64_TO_32_BIT_CONVERSION = YES;
				GCC_WARN_ABOUT_RETURN_TYPE = YES_ERROR;
				GCC_WARN_UNDECLARED_SELECTOR = YES;
				GCC_WARN_UNINITIALIZED_AUTOS = YES_AGGRESSIVE;
				GCC_WARN_UNUSED_FUNCTION = YES;
				GCC_WARN_UNUSED_VARIABLE = YES;
				IPHONEOS_DEPLOYMENT_TARGET = 12.4;
				MTL_ENABLE_DEBUG_INFO = NO;
				MTL_FAST_MATH = YES;
				SDKROOT = iphoneos;
				SWIFT_COMPILATION_MODE = wholemodule;
				SWIFT_OPTIMIZATION_LEVEL = "-O";
				VALIDATE_PRODUCT = YES;
			};
			name = Release;
		};
		3B4FF17223025F1D00AE6919 /* Debug */ = {
			isa = XCBuildConfiguration;
			buildSettings = {
				ASSETCATALOG_COMPILER_APPICON_NAME = AppIcon;
				CODE_SIGN_IDENTITY = "iPhone Developer";
				CODE_SIGN_STYLE = Automatic;
				DEVELOPMENT_TEAM = Y2T9SD53N7;
				INFOPLIST_FILE = "$(SRCROOT)/iBeacon-Demo/Info.plist";
				IPHONEOS_DEPLOYMENT_TARGET = 12.0;
				LD_RUNPATH_SEARCH_PATHS = (
					"$(inherited)",
					"@executable_path/Frameworks",
				);
				PRODUCT_BUNDLE_IDENTIFIER = "com.awesome.iBeacon-Demo";
				PRODUCT_NAME = "$(TARGET_NAME)";
				PROVISIONING_PROFILE_SPECIFIER = "";
				SWIFT_VERSION = 5.0;
				TARGETED_DEVICE_FAMILY = "1,2";
			};
			name = Debug;
		};
		3B4FF17323025F1D00AE6919 /* Release */ = {
			isa = XCBuildConfiguration;
			buildSettings = {
				ASSETCATALOG_COMPILER_APPICON_NAME = AppIcon;
				CODE_SIGN_IDENTITY = "iPhone Developer";
				CODE_SIGN_STYLE = Automatic;
				DEVELOPMENT_TEAM = Y2T9SD53N7;
				INFOPLIST_FILE = "$(SRCROOT)/iBeacon-Demo/Info.plist";
				IPHONEOS_DEPLOYMENT_TARGET = 12.0;
				LD_RUNPATH_SEARCH_PATHS = (
					"$(inherited)",
					"@executable_path/Frameworks",
				);
				PRODUCT_BUNDLE_IDENTIFIER = "com.awesome.iBeacon-Demo";
				PRODUCT_NAME = "$(TARGET_NAME)";
				PROVISIONING_PROFILE_SPECIFIER = "";
				SWIFT_VERSION = 5.0;
				TARGETED_DEVICE_FAMILY = "1,2";
			};
			name = Release;
		};
		3B4FF17523025F1D00AE6919 /* Debug */ = {
			isa = XCBuildConfiguration;
			buildSettings = {
				ALWAYS_EMBED_SWIFT_STANDARD_LIBRARIES = YES;
				BUNDLE_LOADER = "$(TEST_HOST)";
				CODE_SIGN_STYLE = Automatic;
				DEVELOPMENT_TEAM = 8PPXZRVXVT;
				INFOPLIST_FILE = "iBeacon-DemoTests/Info.plist";
				LD_RUNPATH_SEARCH_PATHS = (
					"$(inherited)",
					"@executable_path/Frameworks",
					"@loader_path/Frameworks",
				);
				PRODUCT_BUNDLE_IDENTIFIER = "com.awesome.iBeacon-DemoTests";
				PRODUCT_NAME = "$(TARGET_NAME)";
				SWIFT_VERSION = 5.0;
				TARGETED_DEVICE_FAMILY = "1,2";
				TEST_HOST = "$(BUILT_PRODUCTS_DIR)/iBeacon-Demo.app/iBeacon-Demo";
			};
			name = Debug;
		};
		3B4FF17623025F1D00AE6919 /* Release */ = {
			isa = XCBuildConfiguration;
			buildSettings = {
				ALWAYS_EMBED_SWIFT_STANDARD_LIBRARIES = YES;
				BUNDLE_LOADER = "$(TEST_HOST)";
				CODE_SIGN_STYLE = Automatic;
				DEVELOPMENT_TEAM = 8PPXZRVXVT;
				INFOPLIST_FILE = "iBeacon-DemoTests/Info.plist";
				LD_RUNPATH_SEARCH_PATHS = (
					"$(inherited)",
					"@executable_path/Frameworks",
					"@loader_path/Frameworks",
				);
				PRODUCT_BUNDLE_IDENTIFIER = "com.awesome.iBeacon-DemoTests";
				PRODUCT_NAME = "$(TARGET_NAME)";
				SWIFT_VERSION = 5.0;
				TARGETED_DEVICE_FAMILY = "1,2";
				TEST_HOST = "$(BUILT_PRODUCTS_DIR)/iBeacon-Demo.app/iBeacon-Demo";
			};
			name = Release;
		};
		3B4FF17823025F1D00AE6919 /* Debug */ = {
			isa = XCBuildConfiguration;
			buildSettings = {
				ALWAYS_EMBED_SWIFT_STANDARD_LIBRARIES = YES;
				CODE_SIGN_STYLE = Automatic;
				DEVELOPMENT_TEAM = 8PPXZRVXVT;
				INFOPLIST_FILE = "iBeacon-DemoUITests/Info.plist";
				LD_RUNPATH_SEARCH_PATHS = (
					"$(inherited)",
					"@executable_path/Frameworks",
					"@loader_path/Frameworks",
				);
				PRODUCT_BUNDLE_IDENTIFIER = "com.awesome.iBeacon-DemoUITests";
				PRODUCT_NAME = "$(TARGET_NAME)";
				SWIFT_VERSION = 5.0;
				TARGETED_DEVICE_FAMILY = "1,2";
				TEST_TARGET_NAME = "iBeacon-Demo";
			};
			name = Debug;
		};
		3B4FF17923025F1D00AE6919 /* Release */ = {
			isa = XCBuildConfiguration;
			buildSettings = {
				ALWAYS_EMBED_SWIFT_STANDARD_LIBRARIES = YES;
				CODE_SIGN_STYLE = Automatic;
				DEVELOPMENT_TEAM = 8PPXZRVXVT;
				INFOPLIST_FILE = "iBeacon-DemoUITests/Info.plist";
				LD_RUNPATH_SEARCH_PATHS = (
					"$(inherited)",
					"@executable_path/Frameworks",
					"@loader_path/Frameworks",
				);
				PRODUCT_BUNDLE_IDENTIFIER = "com.awesome.iBeacon-DemoUITests";
				PRODUCT_NAME = "$(TARGET_NAME)";
				SWIFT_VERSION = 5.0;
				TARGETED_DEVICE_FAMILY = "1,2";
				TEST_TARGET_NAME = "iBeacon-Demo";
			};
			name = Release;
		};
/* End XCBuildConfiguration section */

/* Begin XCConfigurationList section */
		3B4FF14423025F1C00AE6919 /* Build configuration list for PBXProject "iBeacon-Demo" */ = {
			isa = XCConfigurationList;
			buildConfigurations = (
				3B4FF16F23025F1D00AE6919 /* Debug */,
				3B4FF17023025F1D00AE6919 /* Release */,
			);
			defaultConfigurationIsVisible = 0;
			defaultConfigurationName = Release;
		};
		3B4FF17123025F1D00AE6919 /* Build configuration list for PBXNativeTarget "iBeacon-Demo" */ = {
			isa = XCConfigurationList;
			buildConfigurations = (
				3B4FF17223025F1D00AE6919 /* Debug */,
				3B4FF17323025F1D00AE6919 /* Release */,
			);
			defaultConfigurationIsVisible = 0;
			defaultConfigurationName = Release;
		};
		3B4FF17423025F1D00AE6919 /* Build configuration list for PBXNativeTarget "iBeacon-DemoTests" */ = {
			isa = XCConfigurationList;
			buildConfigurations = (
				3B4FF17523025F1D00AE6919 /* Debug */,
				3B4FF17623025F1D00AE6919 /* Release */,
			);
			defaultConfigurationIsVisible = 0;
			defaultConfigurationName = Release;
		};
		3B4FF17723025F1D00AE6919 /* Build configuration list for PBXNativeTarget "iBeacon-DemoUITests" */ = {
			isa = XCConfigurationList;
			buildConfigurations = (
				3B4FF17823025F1D00AE6919 /* Debug */,
				3B4FF17923025F1D00AE6919 /* Release */,
			);
			defaultConfigurationIsVisible = 0;
			defaultConfigurationName = Release;
		};
/* End XCConfigurationList section */
	};
	rootObject = 3B4FF14123025F1C00AE6919 /* Project object */;
}
